
Microsoft Visual Studio Solution File, Format Version 12.00
# Visual Studio 15
Project("{FAE04EC0-301F-11D3-BF4B-00C04F79EFBC}") = "Assembly-CSharp", "Assembly-CSharp.csproj", "{2F3C5AFC-A79A-668A-3690-899422C0E91C}"
EndProject
Project("{FAE04EC0-301F-11D3-BF4B-00C04F79EFBC}") = "Assembly-CSharp-firstpass", "Assembly-CSharp-firstpass.csproj", "{88DD8003-1A8E-9C41-BD42-96C62D34EF8A}"
EndProject
Project("{FAE04EC0-301F-11D3-BF4B-00C04F79EFBC}") = "spine-unity", "spine-unity.csproj", "{9397C4FE-9095-0DE0-ED87-3320B1BF8D4E}"
EndProject
Project("{FAE04EC0-301F-11D3-BF4B-00C04F79EFBC}") = "Assembly-CSharp-Editor-firstpass", "Assembly-CSharp-Editor-firstpass.csproj", "{D102F2DA-ACEC-9D2B-DE38-9B07E2CF3BA9}"
EndProject
Project("{FAE04EC0-301F-11D3-BF4B-00C04F79EFBC}") = "spine-unity-editor", "spine-unity-editor.csproj", "{ADF1B0AB-14B3-E01C-84BD-CD95DC9CD191}"
EndProject
Project("{FAE04EC0-301F-11D3-BF4B-00C04F79EFBC}") = "FlatKit.Utils.Editor", "FlatKit.Utils.Editor.csproj", "{6AD8F5F5-8A6C-5C69-8A7F-D03183AAA9DD}"
EndProject
Project("{FAE04EC0-301F-11D3-BF4B-00C04F79EFBC}") = "Assembly-CSharp-Editor", "Assembly-CSharp-Editor.csproj", "{12586C16-20AE-E111-315A-AD3E2DE75D33}"
EndProject
Global
	GlobalSection(SolutionConfigurationPlatforms) = preSolution
		Debug|Any CPU = Debug|Any CPU
		Release|Any CPU = Release|Any CPU
	EndGlobalSection
	GlobalSection(ProjectConfigurationPlatforms) = postSolution
		{2F3C5AFC-A79A-668A-3690-899422C0E91C}.Debug|Any CPU.ActiveCfg = Debug|Any CPU
		{2F3C5AFC-A79A-668A-3690-899422C0E91C}.Debug|Any CPU.Build.0 = Debug|Any CPU
		{2F3C5AFC-A79A-668A-3690-899422C0E91C}.Release|Any CPU.ActiveCfg = Release|Any CPU
		{2F3C5AFC-A79A-668A-3690-899422C0E91C}.Release|Any CPU.Build.0 = Release|Any CPU
		{88DD8003-1A8E-9C41-BD42-96C62D34EF8A}.Debug|Any CPU.ActiveCfg = Debug|Any CPU
		{88DD8003-1A8E-9C41-BD42-96C62D34EF8A}.Debug|Any CPU.Build.0 = Debug|Any CPU
		{88DD8003-1A8E-9C41-BD42-96C62D34EF8A}.Release|Any CPU.ActiveCfg = Release|Any CPU
		{88DD8003-1A8E-9C41-BD42-96C62D34EF8A}.Release|Any CPU.Build.0 = Release|Any CPU
		{9397C4FE-9095-0DE0-ED87-3320B1BF8D4E}.Debug|Any CPU.ActiveCfg = Debug|Any CPU
		{9397C4FE-9095-0DE0-ED87-3320B1BF8D4E}.Debug|Any CPU.Build.0 = Debug|Any CPU
		{9397C4FE-9095-0DE0-ED87-3320B1BF8D4E}.Release|Any CPU.ActiveCfg = Release|Any CPU
		{9397C4FE-9095-0DE0-ED87-3320B1BF8D4E}.Release|Any CPU.Build.0 = Release|Any CPU
		{D102F2DA-ACEC-9D2B-DE38-9B07E2CF3BA9}.Debug|Any CPU.ActiveCfg = Debug|Any CPU
		{D102F2DA-ACEC-9D2B-DE38-9B07E2CF3BA9}.Debug|Any CPU.Build.0 = Debug|Any CPU
		{D102F2DA-ACEC-9D2B-DE38-9B07E2CF3BA9}.Release|Any CPU.ActiveCfg = Release|Any CPU
		{D102F2DA-ACEC-9D2B-DE38-9B07E2CF3BA9}.Release|Any CPU.Build.0 = Release|Any CPU
		{ADF1B0AB-14B3-E01C-84BD-CD95DC9CD191}.Debug|Any CPU.ActiveCfg = Debug|Any CPU
		{ADF1B0AB-14B3-E01C-84BD-CD95DC9CD191}.Debug|Any CPU.Build.0 = Debug|Any CPU
		{ADF1B0AB-14B3-E01C-84BD-CD95DC9CD191}.Release|Any CPU.ActiveCfg = Release|Any CPU
		{ADF1B0AB-14B3-E01C-84BD-CD95DC9CD191}.Release|Any CPU.Build.0 = Release|Any CPU
		{6AD8F5F5-8A6C-5C69-8A7F-D03183AAA9DD}.Debug|Any CPU.ActiveCfg = Debug|Any CPU
		{6AD8F5F5-8A6C-5C69-8A7F-D03183AAA9DD}.Debug|Any CPU.Build.0 = Debug|Any CPU
		{6AD8F5F5-8A6C-5C69-8A7F-D03183AAA9DD}.Release|Any CPU.ActiveCfg = Release|Any CPU
		{6AD8F5F5-8A6C-5C69-8A7F-D03183AAA9DD}.Release|Any CPU.Build.0 = Release|Any CPU
		{12586C16-20AE-E111-315A-AD3E2DE75D33}.Debug|Any CPU.ActiveCfg = Debug|Any CPU
		{12586C16-20AE-E111-315A-AD3E2DE75D33}.Debug|Any CPU.Build.0 = Debug|Any CPU
		{12586C16-20AE-E111-315A-AD3E2DE75D33}.Release|Any CPU.ActiveCfg = Release|Any CPU
		{12586C16-20AE-E111-315A-AD3E2DE75D33}.Release|Any CPU.Build.0 = Release|Any CPU
	EndGlobalSection
	GlobalSection(SolutionProperties) = preSolution
		HideSolutionNode = FALSE
	EndGlobalSection
EndGlobal
